
Microsoft Visual Studio Solution File, Format Version 12.00
# Visual Studio 15
VisualStudioVersion = 15.0.28307.136
MinimumVisualStudioVersion = 10.0.40219.1
Project("{FAE04EC0-301F-11D3-BF4B-00C04F79EFBC}") = "ConsoleApplicationDemoForNetworkLibary", "App1\ConsoleApplicationDemoForNetworkLibary.csproj", "{78D8CCC8-5441-45D6-9E05-164455FE0B79}"
	ProjectSection(ProjectDependencies) = postProject
		{B1289D01-67A7-4EE2-A43B-AC4EA4A66F3F} = {B1289D01-67A7-4EE2-A43B-AC4EA4A66F3F}
	EndProjectSection
EndProject
Project("{FAE04EC0-301F-11D3-BF4B-00C04F79EFBC}") = "NetworkingLibrary", "NetworkingLibrary\NetworkingLibrary.csproj", "{B1289D01-67A7-4EE2-A43B-AC4EA4A66F3F}"
EndProject
Project("{FAE04EC0-301F-11D3-BF4B-00C04F79EFBC}") = "ConsoleApplicationDotNetStandard", "ConsoleApp1\ConsoleApplicationDotNetStandard.csproj", "{C11F426B-16D4-482F-80E3-0713F94F2FB5}"
EndProject
Project("{9A19103F-16F7-4668-BE54-9A1E7A4F7556}") = "NetworkingLibaryStandard", "NetworkingLibaryStandard\NetworkingLibaryStandard.csproj", "{C0939BE3-FD55-4B6B-A034-0708840241AB}"
EndProject
Project("{FAE04EC0-301F-11D3-BF4B-00C04F79EFBC}") = "EchoDemonstration", "EchoDemonstration\EchoDemonstration.csproj", "{7B25CF83-AC72-4D83-8CD8-C828C61FCD4D}"
EndProject
Project("{FAE04EC0-301F-11D3-BF4B-00C04F79EFBC}") = "EchoDemonstrationListenerConsole", "EchoDemonstrationListener\EchoDemonstrationListenerConsole.csproj", "{C94397F4-D7BC-48C6-94EF-126213E306AC}"
EndProject
Project("{FAE04EC0-301F-11D3-BF4B-00C04F79EFBC}") = "EchoDemonstrationListenerApp", "EchoDemonstrationListenerApp\EchoDemonstrationListenerApp.csproj", "{B871B350-8101-4C27-9557-840B99F527D7}"
EndProject
Project("{FAE04EC0-301F-11D3-BF4B-00C04F79EFBC}") = "EchoDemonstrationClientApp", "EchoDemonstrationClientApp\EchoDemonstrationClientApp.csproj", "{5D29321C-534A-4C74-9A39-16B06FEF23AD}"
EndProject
Project("{2150E333-8FDC-42A3-9474-1A3956D46DE8}") = "Demonstations", "Demonstations", "{D432D3C7-88E2-4A78-997B-C854E26D943E}"
EndProject
Project("{FAE04EC0-301F-11D3-BF4B-00C04F79EFBC}") = "NetworkBridgeConsoleApp", "NetworkBridgeConsoleApp\NetworkBridgeConsoleApp.csproj", "{4C9AC674-059A-439D-A028-2294BB86E4C5}"
EndProject
Project("{2150E333-8FDC-42A3-9474-1A3956D46DE8}") = "NetworkingLibaries", "NetworkingLibaries", "{2D1D7154-320F-40BD-A130-A72E79325725}"
EndProject
Project("{2150E333-8FDC-42A3-9474-1A3956D46DE8}") = "Applications", "Applications", "{F04C789A-660B-40C0-AF84-98FFB853A0C3}"
EndProject
Project("{2150E333-8FDC-42A3-9474-1A3956D46DE8}") = "LSLFramework", "LSLFramework", "{630F221A-F796-4D5F-BE1F-DEFDC123EAAE}"
EndProject
Project("{FAE04EC0-301F-11D3-BF4B-00C04F79EFBC}") = "LSLFramework", "LSLFramework\LSLFramework.csproj", "{9FBAB168-DFF9-4261-8E5C-982F01D956F3}"
EndProject
Project("{2150E333-8FDC-42A3-9474-1A3956D46DE8}") = "Siemens", "Siemens", "{16942CB1-5740-465E-BE31-715265EEE00C}"
EndProject
Project("{FAE04EC0-301F-11D3-BF4B-00C04F79EFBC}") = "UnityTestOutputRig", "UnityTestOutputRig\UnityTestOutputRig.csproj", "{4B037C0C-B2E5-4042-B068-6713B9C7BC5D}"
EndProject
Project("{FAE04EC0-301F-11D3-BF4B-00C04F79EFBC}") = "MovementTestForUnityDemo", "MovementTestForUnityDemo\MovementTestForUnityDemo.csproj", "{2C221DD0-90C2-4E47-86CE-9BE38198D9A3}"
EndProject
Project("{FAE04EC0-301F-11D3-BF4B-00C04F79EFBC}") = "DataLibrary", "DataLibrary\DataLibrary.csproj", "{E1741507-F200-4EA3-8C87-E7D2929CC9DB}"
EndProject
Project("{FAE04EC0-301F-11D3-BF4B-00C04F79EFBC}") = "UnityTestMarkerOutputRig", "WindowsFormsApp1\UnityTestMarkerOutputRig.csproj", "{80F27721-EC3E-4C15-919F-AA59F5C56592}"
EndProject
Global
	GlobalSection(SolutionConfigurationPlatforms) = preSolution
		Debug|Any CPU = Debug|Any CPU
		Debug|ARM = Debug|ARM
		Debug|ARM64 = Debug|ARM64
		Debug|x64 = Debug|x64
		Debug|x86 = Debug|x86
		Release|Any CPU = Release|Any CPU
		Release|ARM = Release|ARM
		Release|ARM64 = Release|ARM64
		Release|x64 = Release|x64
		Release|x86 = Release|x86
	EndGlobalSection
	GlobalSection(ProjectConfigurationPlatforms) = postSolution
		{78D8CCC8-5441-45D6-9E05-164455FE0B79}.Debug|Any CPU.ActiveCfg = Debug|x86
		{78D8CCC8-5441-45D6-9E05-164455FE0B79}.Debug|ARM.ActiveCfg = Debug|ARM
		{78D8CCC8-5441-45D6-9E05-164455FE0B79}.Debug|ARM.Build.0 = Debug|ARM
		{78D8CCC8-5441-45D6-9E05-164455FE0B79}.Debug|ARM.Deploy.0 = Debug|ARM
		{78D8CCC8-5441-45D6-9E05-164455FE0B79}.Debug|ARM64.ActiveCfg = Debug|x86
		{78D8CCC8-5441-45D6-9E05-164455FE0B79}.Debug|x64.ActiveCfg = Debug|x64
		{78D8CCC8-5441-45D6-9E05-164455FE0B79}.Debug|x64.Build.0 = Debug|x64
		{78D8CCC8-5441-45D6-9E05-164455FE0B79}.Debug|x64.Deploy.0 = Debug|x64
		{78D8CCC8-5441-45D6-9E05-164455FE0B79}.Debug|x86.ActiveCfg = Debug|x86
		{78D8CCC8-5441-45D6-9E05-164455FE0B79}.Debug|x86.Build.0 = Debug|x86
		{78D8CCC8-5441-45D6-9E05-164455FE0B79}.Debug|x86.Deploy.0 = Debug|x86
		{78D8CCC8-5441-45D6-9E05-164455FE0B79}.Release|Any CPU.ActiveCfg = Release|x86
		{78D8CCC8-5441-45D6-9E05-164455FE0B79}.Release|ARM.ActiveCfg = Release|ARM
		{78D8CCC8-5441-45D6-9E05-164455FE0B79}.Release|ARM.Build.0 = Release|ARM
		{78D8CCC8-5441-45D6-9E05-164455FE0B79}.Release|ARM.Deploy.0 = Release|ARM
		{78D8CCC8-5441-45D6-9E05-164455FE0B79}.Release|ARM64.ActiveCfg = Release|x86
		{78D8CCC8-5441-45D6-9E05-164455FE0B79}.Release|x64.ActiveCfg = Release|x64
		{78D8CCC8-5441-45D6-9E05-164455FE0B79}.Release|x64.Build.0 = Release|x64
		{78D8CCC8-5441-45D6-9E05-164455FE0B79}.Release|x64.Deploy.0 = Release|x64
		{78D8CCC8-5441-45D6-9E05-164455FE0B79}.Release|x86.ActiveCfg = Release|x86
		{78D8CCC8-5441-45D6-9E05-164455FE0B79}.Release|x86.Build.0 = Release|x86
		{78D8CCC8-5441-45D6-9E05-164455FE0B79}.Release|x86.Deploy.0 = Release|x86
		{B1289D01-67A7-4EE2-A43B-AC4EA4A66F3F}.Debug|Any CPU.ActiveCfg = Debug|Any CPU
		{B1289D01-67A7-4EE2-A43B-AC4EA4A66F3F}.Debug|Any CPU.Build.0 = Debug|Any CPU
		{B1289D01-67A7-4EE2-A43B-AC4EA4A66F3F}.Debug|ARM.ActiveCfg = Debug|ARM
		{B1289D01-67A7-4EE2-A43B-AC4EA4A66F3F}.Debug|ARM.Build.0 = Debug|ARM
		{B1289D01-67A7-4EE2-A43B-AC4EA4A66F3F}.Debug|ARM64.ActiveCfg = Debug|ARM64
		{B1289D01-67A7-4EE2-A43B-AC4EA4A66F3F}.Debug|ARM64.Build.0 = Debug|ARM64
		{B1289D01-67A7-4EE2-A43B-AC4EA4A66F3F}.Debug|x64.ActiveCfg = Debug|x64
		{B1289D01-67A7-4EE2-A43B-AC4EA4A66F3F}.Debug|x64.Build.0 = Debug|x64
		{B1289D01-67A7-4EE2-A43B-AC4EA4A66F3F}.Debug|x86.ActiveCfg = Debug|x86
		{B1289D01-67A7-4EE2-A43B-AC4EA4A66F3F}.Debug|x86.Build.0 = Debug|x86
		{B1289D01-67A7-4EE2-A43B-AC4EA4A66F3F}.Release|Any CPU.ActiveCfg = Release|Any CPU
		{B1289D01-67A7-4EE2-A43B-AC4EA4A66F3F}.Release|Any CPU.Build.0 = Release|Any CPU
		{B1289D01-67A7-4EE2-A43B-AC4EA4A66F3F}.Release|ARM.ActiveCfg = Release|ARM
		{B1289D01-67A7-4EE2-A43B-AC4EA4A66F3F}.Release|ARM.Build.0 = Release|ARM
		{B1289D01-67A7-4EE2-A43B-AC4EA4A66F3F}.Release|ARM64.ActiveCfg = Release|ARM64
		{B1289D01-67A7-4EE2-A43B-AC4EA4A66F3F}.Release|ARM64.Build.0 = Release|ARM64
		{B1289D01-67A7-4EE2-A43B-AC4EA4A66F3F}.Release|x64.ActiveCfg = Release|x64
		{B1289D01-67A7-4EE2-A43B-AC4EA4A66F3F}.Release|x64.Build.0 = Release|x64
		{B1289D01-67A7-4EE2-A43B-AC4EA4A66F3F}.Release|x86.ActiveCfg = Release|x86
		{B1289D01-67A7-4EE2-A43B-AC4EA4A66F3F}.Release|x86.Build.0 = Release|x86
		{C11F426B-16D4-482F-80E3-0713F94F2FB5}.Debug|Any CPU.ActiveCfg = Debug|Any CPU
		{C11F426B-16D4-482F-80E3-0713F94F2FB5}.Debug|Any CPU.Build.0 = Debug|Any CPU
		{C11F426B-16D4-482F-80E3-0713F94F2FB5}.Debug|ARM.ActiveCfg = Debug|Any CPU
		{C11F426B-16D4-482F-80E3-0713F94F2FB5}.Debug|ARM.Build.0 = Debug|Any CPU
		{C11F426B-16D4-482F-80E3-0713F94F2FB5}.Debug|ARM64.ActiveCfg = Debug|Any CPU
		{C11F426B-16D4-482F-80E3-0713F94F2FB5}.Debug|ARM64.Build.0 = Debug|Any CPU
		{C11F426B-16D4-482F-80E3-0713F94F2FB5}.Debug|x64.ActiveCfg = Debug|Any CPU
		{C11F426B-16D4-482F-80E3-0713F94F2FB5}.Debug|x64.Build.0 = Debug|Any CPU
		{C11F426B-16D4-482F-80E3-0713F94F2FB5}.Debug|x86.ActiveCfg = Debug|Any CPU
		{C11F426B-16D4-482F-80E3-0713F94F2FB5}.Debug|x86.Build.0 = Debug|Any CPU
		{C11F426B-16D4-482F-80E3-0713F94F2FB5}.Release|Any CPU.ActiveCfg = Release|Any CPU
		{C11F426B-16D4-482F-80E3-0713F94F2FB5}.Release|Any CPU.Build.0 = Release|Any CPU
		{C11F426B-16D4-482F-80E3-0713F94F2FB5}.Release|ARM.ActiveCfg = Release|Any CPU
		{C11F426B-16D4-482F-80E3-0713F94F2FB5}.Release|ARM.Build.0 = Release|Any CPU
		{C11F426B-16D4-482F-80E3-0713F94F2FB5}.Release|ARM64.ActiveCfg = Release|Any CPU
		{C11F426B-16D4-482F-80E3-0713F94F2FB5}.Release|ARM64.Build.0 = Release|Any CPU
		{C11F426B-16D4-482F-80E3-0713F94F2FB5}.Release|x64.ActiveCfg = Release|Any CPU
		{C11F426B-16D4-482F-80E3-0713F94F2FB5}.Release|x64.Build.0 = Release|Any CPU
		{C11F426B-16D4-482F-80E3-0713F94F2FB5}.Release|x86.ActiveCfg = Release|Any CPU
		{C11F426B-16D4-482F-80E3-0713F94F2FB5}.Release|x86.Build.0 = Release|Any CPU
		{C0939BE3-FD55-4B6B-A034-0708840241AB}.Debug|Any CPU.ActiveCfg = Debug|Any CPU
		{C0939BE3-FD55-4B6B-A034-0708840241AB}.Debug|Any CPU.Build.0 = Debug|Any CPU
		{C0939BE3-FD55-4B6B-A034-0708840241AB}.Debug|ARM.ActiveCfg = Debug|Any CPU
		{C0939BE3-FD55-4B6B-A034-0708840241AB}.Debug|ARM.Build.0 = Debug|Any CPU
		{C0939BE3-FD55-4B6B-A034-0708840241AB}.Debug|ARM64.ActiveCfg = Debug|Any CPU
		{C0939BE3-FD55-4B6B-A034-0708840241AB}.Debug|ARM64.Build.0 = Debug|Any CPU
		{C0939BE3-FD55-4B6B-A034-0708840241AB}.Debug|x64.ActiveCfg = Debug|Any CPU
		{C0939BE3-FD55-4B6B-A034-0708840241AB}.Debug|x64.Build.0 = Debug|Any CPU
		{C0939BE3-FD55-4B6B-A034-0708840241AB}.Debug|x86.ActiveCfg = Debug|Any CPU
		{C0939BE3-FD55-4B6B-A034-0708840241AB}.Debug|x86.Build.0 = Debug|Any CPU
		{C0939BE3-FD55-4B6B-A034-0708840241AB}.Release|Any CPU.ActiveCfg = Release|Any CPU
		{C0939BE3-FD55-4B6B-A034-0708840241AB}.Release|Any CPU.Build.0 = Release|Any CPU
		{C0939BE3-FD55-4B6B-A034-0708840241AB}.Release|ARM.ActiveCfg = Release|Any CPU
		{C0939BE3-FD55-4B6B-A034-0708840241AB}.Release|ARM.Build.0 = Release|Any CPU
		{C0939BE3-FD55-4B6B-A034-0708840241AB}.Release|ARM64.ActiveCfg = Release|Any CPU
		{C0939BE3-FD55-4B6B-A034-0708840241AB}.Release|ARM64.Build.0 = Release|Any CPU
		{C0939BE3-FD55-4B6B-A034-0708840241AB}.Release|x64.ActiveCfg = Release|Any CPU
		{C0939BE3-FD55-4B6B-A034-0708840241AB}.Release|x64.Build.0 = Release|Any CPU
		{C0939BE3-FD55-4B6B-A034-0708840241AB}.Release|x86.ActiveCfg = Release|Any CPU
		{C0939BE3-FD55-4B6B-A034-0708840241AB}.Release|x86.Build.0 = Release|Any CPU
		{7B25CF83-AC72-4D83-8CD8-C828C61FCD4D}.Debug|Any CPU.ActiveCfg = Debug|x86
		{7B25CF83-AC72-4D83-8CD8-C828C61FCD4D}.Debug|ARM.ActiveCfg = Debug|ARM
		{7B25CF83-AC72-4D83-8CD8-C828C61FCD4D}.Debug|ARM.Build.0 = Debug|ARM
		{7B25CF83-AC72-4D83-8CD8-C828C61FCD4D}.Debug|ARM.Deploy.0 = Debug|ARM
		{7B25CF83-AC72-4D83-8CD8-C828C61FCD4D}.Debug|ARM64.ActiveCfg = Debug|ARM64
		{7B25CF83-AC72-4D83-8CD8-C828C61FCD4D}.Debug|ARM64.Build.0 = Debug|ARM64
		{7B25CF83-AC72-4D83-8CD8-C828C61FCD4D}.Debug|ARM64.Deploy.0 = Debug|ARM64
		{7B25CF83-AC72-4D83-8CD8-C828C61FCD4D}.Debug|x64.ActiveCfg = Debug|x64
		{7B25CF83-AC72-4D83-8CD8-C828C61FCD4D}.Debug|x64.Build.0 = Debug|x64
		{7B25CF83-AC72-4D83-8CD8-C828C61FCD4D}.Debug|x64.Deploy.0 = Debug|x64
		{7B25CF83-AC72-4D83-8CD8-C828C61FCD4D}.Debug|x86.ActiveCfg = Debug|x86
		{7B25CF83-AC72-4D83-8CD8-C828C61FCD4D}.Debug|x86.Build.0 = Debug|x86
		{7B25CF83-AC72-4D83-8CD8-C828C61FCD4D}.Debug|x86.Deploy.0 = Debug|x86
		{7B25CF83-AC72-4D83-8CD8-C828C61FCD4D}.Release|Any CPU.ActiveCfg = Release|x86
		{7B25CF83-AC72-4D83-8CD8-C828C61FCD4D}.Release|ARM.ActiveCfg = Release|ARM
		{7B25CF83-AC72-4D83-8CD8-C828C61FCD4D}.Release|ARM.Build.0 = Release|ARM
		{7B25CF83-AC72-4D83-8CD8-C828C61FCD4D}.Release|ARM.Deploy.0 = Release|ARM
		{7B25CF83-AC72-4D83-8CD8-C828C61FCD4D}.Release|ARM64.ActiveCfg = Release|ARM64
		{7B25CF83-AC72-4D83-8CD8-C828C61FCD4D}.Release|ARM64.Build.0 = Release|ARM64
		{7B25CF83-AC72-4D83-8CD8-C828C61FCD4D}.Release|ARM64.Deploy.0 = Release|ARM64
		{7B25CF83-AC72-4D83-8CD8-C828C61FCD4D}.Release|x64.ActiveCfg = Release|x64
		{7B25CF83-AC72-4D83-8CD8-C828C61FCD4D}.Release|x64.Build.0 = Release|x64
		{7B25CF83-AC72-4D83-8CD8-C828C61FCD4D}.Release|x64.Deploy.0 = Release|x64
		{7B25CF83-AC72-4D83-8CD8-C828C61FCD4D}.Release|x86.ActiveCfg = Release|x86
		{7B25CF83-AC72-4D83-8CD8-C828C61FCD4D}.Release|x86.Build.0 = Release|x86
		{7B25CF83-AC72-4D83-8CD8-C828C61FCD4D}.Release|x86.Deploy.0 = Release|x86
		{C94397F4-D7BC-48C6-94EF-126213E306AC}.Debug|Any CPU.ActiveCfg = Debug|x86
		{C94397F4-D7BC-48C6-94EF-126213E306AC}.Debug|ARM.ActiveCfg = Debug|ARM
		{C94397F4-D7BC-48C6-94EF-126213E306AC}.Debug|ARM.Build.0 = Debug|ARM
		{C94397F4-D7BC-48C6-94EF-126213E306AC}.Debug|ARM.Deploy.0 = Debug|ARM
		{C94397F4-D7BC-48C6-94EF-126213E306AC}.Debug|ARM64.ActiveCfg = Debug|x86
		{C94397F4-D7BC-48C6-94EF-126213E306AC}.Debug|x64.ActiveCfg = Debug|x64
		{C94397F4-D7BC-48C6-94EF-126213E306AC}.Debug|x64.Build.0 = Debug|x64
		{C94397F4-D7BC-48C6-94EF-126213E306AC}.Debug|x64.Deploy.0 = Debug|x64
		{C94397F4-D7BC-48C6-94EF-126213E306AC}.Debug|x86.ActiveCfg = Debug|x86
		{C94397F4-D7BC-48C6-94EF-126213E306AC}.Debug|x86.Build.0 = Debug|x86
		{C94397F4-D7BC-48C6-94EF-126213E306AC}.Debug|x86.Deploy.0 = Debug|x86
		{C94397F4-D7BC-48C6-94EF-126213E306AC}.Release|Any CPU.ActiveCfg = Release|x86
		{C94397F4-D7BC-48C6-94EF-126213E306AC}.Release|ARM.ActiveCfg = Release|ARM
		{C94397F4-D7BC-48C6-94EF-126213E306AC}.Release|ARM.Build.0 = Release|ARM
		{C94397F4-D7BC-48C6-94EF-126213E306AC}.Release|ARM.Deploy.0 = Release|ARM
		{C94397F4-D7BC-48C6-94EF-126213E306AC}.Release|ARM64.ActiveCfg = Release|x86
		{C94397F4-D7BC-48C6-94EF-126213E306AC}.Release|x64.ActiveCfg = Release|x64
		{C94397F4-D7BC-48C6-94EF-126213E306AC}.Release|x64.Build.0 = Release|x64
		{C94397F4-D7BC-48C6-94EF-126213E306AC}.Release|x64.Deploy.0 = Release|x64
		{C94397F4-D7BC-48C6-94EF-126213E306AC}.Release|x86.ActiveCfg = Release|x86
		{C94397F4-D7BC-48C6-94EF-126213E306AC}.Release|x86.Build.0 = Release|x86
		{C94397F4-D7BC-48C6-94EF-126213E306AC}.Release|x86.Deploy.0 = Release|x86
		{B871B350-8101-4C27-9557-840B99F527D7}.Debug|Any CPU.ActiveCfg = Debug|x86
		{B871B350-8101-4C27-9557-840B99F527D7}.Debug|ARM.ActiveCfg = Debug|ARM
		{B871B350-8101-4C27-9557-840B99F527D7}.Debug|ARM.Build.0 = Debug|ARM
		{B871B350-8101-4C27-9557-840B99F527D7}.Debug|ARM.Deploy.0 = Debug|ARM
		{B871B350-8101-4C27-9557-840B99F527D7}.Debug|ARM64.ActiveCfg = Debug|ARM64
		{B871B350-8101-4C27-9557-840B99F527D7}.Debug|ARM64.Build.0 = Debug|ARM64
		{B871B350-8101-4C27-9557-840B99F527D7}.Debug|ARM64.Deploy.0 = Debug|ARM64
		{B871B350-8101-4C27-9557-840B99F527D7}.Debug|x64.ActiveCfg = Debug|x64
		{B871B350-8101-4C27-9557-840B99F527D7}.Debug|x64.Build.0 = Debug|x64
		{B871B350-8101-4C27-9557-840B99F527D7}.Debug|x64.Deploy.0 = Debug|x64
		{B871B350-8101-4C27-9557-840B99F527D7}.Debug|x86.ActiveCfg = Debug|x86
		{B871B350-8101-4C27-9557-840B99F527D7}.Debug|x86.Build.0 = Debug|x86
		{B871B350-8101-4C27-9557-840B99F527D7}.Debug|x86.Deploy.0 = Debug|x86
		{B871B350-8101-4C27-9557-840B99F527D7}.Release|Any CPU.ActiveCfg = Release|x86
		{B871B350-8101-4C27-9557-840B99F527D7}.Release|ARM.ActiveCfg = Release|ARM
		{B871B350-8101-4C27-9557-840B99F527D7}.Release|ARM.Build.0 = Release|ARM
		{B871B350-8101-4C27-9557-840B99F527D7}.Release|ARM.Deploy.0 = Release|ARM
		{B871B350-8101-4C27-9557-840B99F527D7}.Release|ARM64.ActiveCfg = Release|ARM64
		{B871B350-8101-4C27-9557-840B99F527D7}.Release|ARM64.Build.0 = Release|ARM64
		{B871B350-8101-4C27-9557-840B99F527D7}.Release|ARM64.Deploy.0 = Release|ARM64
		{B871B350-8101-4C27-9557-840B99F527D7}.Release|x64.ActiveCfg = Release|x64
		{B871B350-8101-4C27-9557-840B99F527D7}.Release|x64.Build.0 = Release|x64
		{B871B350-8101-4C27-9557-840B99F527D7}.Release|x64.Deploy.0 = Release|x64
		{B871B350-8101-4C27-9557-840B99F527D7}.Release|x86.ActiveCfg = Release|x86
		{B871B350-8101-4C27-9557-840B99F527D7}.Release|x86.Build.0 = Release|x86
		{B871B350-8101-4C27-9557-840B99F527D7}.Release|x86.Deploy.0 = Release|x86
		{5D29321C-534A-4C74-9A39-16B06FEF23AD}.Debug|Any CPU.ActiveCfg = Debug|x86
		{5D29321C-534A-4C74-9A39-16B06FEF23AD}.Debug|ARM.ActiveCfg = Debug|ARM
		{5D29321C-534A-4C74-9A39-16B06FEF23AD}.Debug|ARM.Build.0 = Debug|ARM
		{5D29321C-534A-4C74-9A39-16B06FEF23AD}.Debug|ARM.Deploy.0 = Debug|ARM
		{5D29321C-534A-4C74-9A39-16B06FEF23AD}.Debug|ARM64.ActiveCfg = Debug|ARM64
		{5D29321C-534A-4C74-9A39-16B06FEF23AD}.Debug|ARM64.Build.0 = Debug|ARM64
		{5D29321C-534A-4C74-9A39-16B06FEF23AD}.Debug|ARM64.Deploy.0 = Debug|ARM64
		{5D29321C-534A-4C74-9A39-16B06FEF23AD}.Debug|x64.ActiveCfg = Debug|x64
		{5D29321C-534A-4C74-9A39-16B06FEF23AD}.Debug|x64.Build.0 = Debug|x64
		{5D29321C-534A-4C74-9A39-16B06FEF23AD}.Debug|x64.Deploy.0 = Debug|x64
		{5D29321C-534A-4C74-9A39-16B06FEF23AD}.Debug|x86.ActiveCfg = Debug|x86
		{5D29321C-534A-4C74-9A39-16B06FEF23AD}.Debug|x86.Build.0 = Debug|x86
		{5D29321C-534A-4C74-9A39-16B06FEF23AD}.Debug|x86.Deploy.0 = Debug|x86
		{5D29321C-534A-4C74-9A39-16B06FEF23AD}.Release|Any CPU.ActiveCfg = Release|x86
		{5D29321C-534A-4C74-9A39-16B06FEF23AD}.Release|ARM.ActiveCfg = Release|ARM
		{5D29321C-534A-4C74-9A39-16B06FEF23AD}.Release|ARM.Build.0 = Release|ARM
		{5D29321C-534A-4C74-9A39-16B06FEF23AD}.Release|ARM.Deploy.0 = Release|ARM
		{5D29321C-534A-4C74-9A39-16B06FEF23AD}.Release|ARM64.ActiveCfg = Release|ARM64
		{5D29321C-534A-4C74-9A39-16B06FEF23AD}.Release|ARM64.Build.0 = Release|ARM64
		{5D29321C-534A-4C74-9A39-16B06FEF23AD}.Release|ARM64.Deploy.0 = Release|ARM64
		{5D29321C-534A-4C74-9A39-16B06FEF23AD}.Release|x64.ActiveCfg = Release|x64
		{5D29321C-534A-4C74-9A39-16B06FEF23AD}.Release|x64.Build.0 = Release|x64
		{5D29321C-534A-4C74-9A39-16B06FEF23AD}.Release|x64.Deploy.0 = Release|x64
		{5D29321C-534A-4C74-9A39-16B06FEF23AD}.Release|x86.ActiveCfg = Release|x86
		{5D29321C-534A-4C74-9A39-16B06FEF23AD}.Release|x86.Build.0 = Release|x86
		{5D29321C-534A-4C74-9A39-16B06FEF23AD}.Release|x86.Deploy.0 = Release|x86
		{4C9AC674-059A-439D-A028-2294BB86E4C5}.Debug|Any CPU.ActiveCfg = Debug|Any CPU
		{4C9AC674-059A-439D-A028-2294BB86E4C5}.Debug|Any CPU.Build.0 = Debug|Any CPU
		{4C9AC674-059A-439D-A028-2294BB86E4C5}.Debug|ARM.ActiveCfg = Debug|Any CPU
		{4C9AC674-059A-439D-A028-2294BB86E4C5}.Debug|ARM.Build.0 = Debug|Any CPU
		{4C9AC674-059A-439D-A028-2294BB86E4C5}.Debug|ARM64.ActiveCfg = Debug|Any CPU
		{4C9AC674-059A-439D-A028-2294BB86E4C5}.Debug|ARM64.Build.0 = Debug|Any CPU
		{4C9AC674-059A-439D-A028-2294BB86E4C5}.Debug|x64.ActiveCfg = Debug|Any CPU
		{4C9AC674-059A-439D-A028-2294BB86E4C5}.Debug|x64.Build.0 = Debug|Any CPU
		{4C9AC674-059A-439D-A028-2294BB86E4C5}.Debug|x86.ActiveCfg = Debug|Any CPU
		{4C9AC674-059A-439D-A028-2294BB86E4C5}.Debug|x86.Build.0 = Debug|Any CPU
		{4C9AC674-059A-439D-A028-2294BB86E4C5}.Release|Any CPU.ActiveCfg = Release|Any CPU
		{4C9AC674-059A-439D-A028-2294BB86E4C5}.Release|Any CPU.Build.0 = Release|Any CPU
		{4C9AC674-059A-439D-A028-2294BB86E4C5}.Release|ARM.ActiveCfg = Release|Any CPU
		{4C9AC674-059A-439D-A028-2294BB86E4C5}.Release|ARM.Build.0 = Release|Any CPU
		{4C9AC674-059A-439D-A028-2294BB86E4C5}.Release|ARM64.ActiveCfg = Release|Any CPU
		{4C9AC674-059A-439D-A028-2294BB86E4C5}.Release|ARM64.Build.0 = Release|Any CPU
		{4C9AC674-059A-439D-A028-2294BB86E4C5}.Release|x64.ActiveCfg = Release|Any CPU
		{4C9AC674-059A-439D-A028-2294BB86E4C5}.Release|x64.Build.0 = Release|Any CPU
		{4C9AC674-059A-439D-A028-2294BB86E4C5}.Release|x86.ActiveCfg = Release|Any CPU
		{4C9AC674-059A-439D-A028-2294BB86E4C5}.Release|x86.Build.0 = Release|Any CPU
		{9FBAB168-DFF9-4261-8E5C-982F01D956F3}.Debug|Any CPU.ActiveCfg = Debug|Any CPU
		{9FBAB168-DFF9-4261-8E5C-982F01D956F3}.Debug|Any CPU.Build.0 = Debug|Any CPU
		{9FBAB168-DFF9-4261-8E5C-982F01D956F3}.Debug|ARM.ActiveCfg = Debug|Any CPU
		{9FBAB168-DFF9-4261-8E5C-982F01D956F3}.Debug|ARM.Build.0 = Debug|Any CPU
		{9FBAB168-DFF9-4261-8E5C-982F01D956F3}.Debug|ARM64.ActiveCfg = Debug|Any CPU
		{9FBAB168-DFF9-4261-8E5C-982F01D956F3}.Debug|ARM64.Build.0 = Debug|Any CPU
		{9FBAB168-DFF9-4261-8E5C-982F01D956F3}.Debug|x64.ActiveCfg = Debug|Any CPU
		{9FBAB168-DFF9-4261-8E5C-982F01D956F3}.Debug|x64.Build.0 = Debug|Any CPU
		{9FBAB168-DFF9-4261-8E5C-982F01D956F3}.Debug|x86.ActiveCfg = Debug|Any CPU
		{9FBAB168-DFF9-4261-8E5C-982F01D956F3}.Debug|x86.Build.0 = Debug|Any CPU
		{9FBAB168-DFF9-4261-8E5C-982F01D956F3}.Release|Any CPU.ActiveCfg = Release|Any CPU
		{9FBAB168-DFF9-4261-8E5C-982F01D956F3}.Release|Any CPU.Build.0 = Release|Any CPU
		{9FBAB168-DFF9-4261-8E5C-982F01D956F3}.Release|ARM.ActiveCfg = Release|Any CPU
		{9FBAB168-DFF9-4261-8E5C-982F01D956F3}.Release|ARM.Build.0 = Release|Any CPU
		{9FBAB168-DFF9-4261-8E5C-982F01D956F3}.Release|ARM64.ActiveCfg = Release|Any CPU
		{9FBAB168-DFF9-4261-8E5C-982F01D956F3}.Release|ARM64.Build.0 = Release|Any CPU
		{9FBAB168-DFF9-4261-8E5C-982F01D956F3}.Release|x64.ActiveCfg = Release|Any CPU
		{9FBAB168-DFF9-4261-8E5C-982F01D956F3}.Release|x64.Build.0 = Release|Any CPU
		{9FBAB168-DFF9-4261-8E5C-982F01D956F3}.Release|x86.ActiveCfg = Release|Any CPU
		{9FBAB168-DFF9-4261-8E5C-982F01D956F3}.Release|x86.Build.0 = Release|Any CPU
		{4B037C0C-B2E5-4042-B068-6713B9C7BC5D}.Debug|Any CPU.ActiveCfg = Debug|Any CPU
		{4B037C0C-B2E5-4042-B068-6713B9C7BC5D}.Debug|Any CPU.Build.0 = Debug|Any CPU
		{4B037C0C-B2E5-4042-B068-6713B9C7BC5D}.Debug|ARM.ActiveCfg = Debug|Any CPU
		{4B037C0C-B2E5-4042-B068-6713B9C7BC5D}.Debug|ARM.Build.0 = Debug|Any CPU
		{4B037C0C-B2E5-4042-B068-6713B9C7BC5D}.Debug|ARM64.ActiveCfg = Debug|Any CPU
		{4B037C0C-B2E5-4042-B068-6713B9C7BC5D}.Debug|ARM64.Build.0 = Debug|Any CPU
		{4B037C0C-B2E5-4042-B068-6713B9C7BC5D}.Debug|x64.ActiveCfg = Debug|Any CPU
		{4B037C0C-B2E5-4042-B068-6713B9C7BC5D}.Debug|x64.Build.0 = Debug|Any CPU
		{4B037C0C-B2E5-4042-B068-6713B9C7BC5D}.Debug|x86.ActiveCfg = Debug|Any CPU
		{4B037C0C-B2E5-4042-B068-6713B9C7BC5D}.Debug|x86.Build.0 = Debug|Any CPU
		{4B037C0C-B2E5-4042-B068-6713B9C7BC5D}.Release|Any CPU.ActiveCfg = Release|Any CPU
		{4B037C0C-B2E5-4042-B068-6713B9C7BC5D}.Release|Any CPU.Build.0 = Release|Any CPU
		{4B037C0C-B2E5-4042-B068-6713B9C7BC5D}.Release|ARM.ActiveCfg = Release|Any CPU
		{4B037C0C-B2E5-4042-B068-6713B9C7BC5D}.Release|ARM.Build.0 = Release|Any CPU
		{4B037C0C-B2E5-4042-B068-6713B9C7BC5D}.Release|ARM64.ActiveCfg = Release|Any CPU
		{4B037C0C-B2E5-4042-B068-6713B9C7BC5D}.Release|ARM64.Build.0 = Release|Any CPU
		{4B037C0C-B2E5-4042-B068-6713B9C7BC5D}.Release|x64.ActiveCfg = Release|Any CPU
		{4B037C0C-B2E5-4042-B068-6713B9C7BC5D}.Release|x64.Build.0 = Release|Any CPU
		{4B037C0C-B2E5-4042-B068-6713B9C7BC5D}.Release|x86.ActiveCfg = Release|Any CPU
		{4B037C0C-B2E5-4042-B068-6713B9C7BC5D}.Release|x86.Build.0 = Release|Any CPU
		{2C221DD0-90C2-4E47-86CE-9BE38198D9A3}.Debug|Any CPU.ActiveCfg = Debug|Any CPU
		{2C221DD0-90C2-4E47-86CE-9BE38198D9A3}.Debug|Any CPU.Build.0 = Debug|Any CPU
		{2C221DD0-90C2-4E47-86CE-9BE38198D9A3}.Debug|ARM.ActiveCfg = Debug|Any CPU
		{2C221DD0-90C2-4E47-86CE-9BE38198D9A3}.Debug|ARM.Build.0 = Debug|Any CPU
		{2C221DD0-90C2-4E47-86CE-9BE38198D9A3}.Debug|ARM64.ActiveCfg = Debug|Any CPU
		{2C221DD0-90C2-4E47-86CE-9BE38198D9A3}.Debug|ARM64.Build.0 = Debug|Any CPU
		{2C221DD0-90C2-4E47-86CE-9BE38198D9A3}.Debug|x64.ActiveCfg = Debug|Any CPU
		{2C221DD0-90C2-4E47-86CE-9BE38198D9A3}.Debug|x64.Build.0 = Debug|Any CPU
		{2C221DD0-90C2-4E47-86CE-9BE38198D9A3}.Debug|x86.ActiveCfg = Debug|Any CPU
		{2C221DD0-90C2-4E47-86CE-9BE38198D9A3}.Debug|x86.Build.0 = Debug|Any CPU
		{2C221DD0-90C2-4E47-86CE-9BE38198D9A3}.Release|Any CPU.ActiveCfg = Release|Any CPU
		{2C221DD0-90C2-4E47-86CE-9BE38198D9A3}.Release|Any CPU.Build.0 = Release|Any CPU
		{2C221DD0-90C2-4E47-86CE-9BE38198D9A3}.Release|ARM.ActiveCfg = Release|Any CPU
		{2C221DD0-90C2-4E47-86CE-9BE38198D9A3}.Release|ARM.Build.0 = Release|Any CPU
		{2C221DD0-90C2-4E47-86CE-9BE38198D9A3}.Release|ARM64.ActiveCfg = Release|Any CPU
		{2C221DD0-90C2-4E47-86CE-9BE38198D9A3}.Release|ARM64.Build.0 = Release|Any CPU
		{2C221DD0-90C2-4E47-86CE-9BE38198D9A3}.Release|x64.ActiveCfg = Release|Any CPU
		{2C221DD0-90C2-4E47-86CE-9BE38198D9A3}.Release|x64.Build.0 = Release|Any CPU
		{2C221DD0-90C2-4E47-86CE-9BE38198D9A3}.Release|x86.ActiveCfg = Release|Any CPU
		{2C221DD0-90C2-4E47-86CE-9BE38198D9A3}.Release|x86.Build.0 = Release|Any CPU
		{E1741507-F200-4EA3-8C87-E7D2929CC9DB}.Debug|Any CPU.ActiveCfg = Debug|Any CPU
		{E1741507-F200-4EA3-8C87-E7D2929CC9DB}.Debug|Any CPU.Build.0 = Debug|Any CPU
		{E1741507-F200-4EA3-8C87-E7D2929CC9DB}.Debug|ARM.ActiveCfg = Debug|Any CPU
		{E1741507-F200-4EA3-8C87-E7D2929CC9DB}.Debug|ARM.Build.0 = Debug|Any CPU
		{E1741507-F200-4EA3-8C87-E7D2929CC9DB}.Debug|ARM64.ActiveCfg = Debug|Any CPU
		{E1741507-F200-4EA3-8C87-E7D2929CC9DB}.Debug|ARM64.Build.0 = Debug|Any CPU
		{E1741507-F200-4EA3-8C87-E7D2929CC9DB}.Debug|x64.ActiveCfg = Debug|Any CPU
		{E1741507-F200-4EA3-8C87-E7D2929CC9DB}.Debug|x64.Build.0 = Debug|Any CPU
		{E1741507-F200-4EA3-8C87-E7D2929CC9DB}.Debug|x86.ActiveCfg = Debug|Any CPU
		{E1741507-F200-4EA3-8C87-E7D2929CC9DB}.Debug|x86.Build.0 = Debug|Any CPU
		{E1741507-F200-4EA3-8C87-E7D2929CC9DB}.Release|Any CPU.ActiveCfg = Release|Any CPU
		{E1741507-F200-4EA3-8C87-E7D2929CC9DB}.Release|Any CPU.Build.0 = Release|Any CPU
		{E1741507-F200-4EA3-8C87-E7D2929CC9DB}.Release|ARM.ActiveCfg = Release|Any CPU
		{E1741507-F200-4EA3-8C87-E7D2929CC9DB}.Release|ARM.Build.0 = Release|Any CPU
		{E1741507-F200-4EA3-8C87-E7D2929CC9DB}.Release|ARM64.ActiveCfg = Release|Any CPU
		{E1741507-F200-4EA3-8C87-E7D2929CC9DB}.Release|ARM64.Build.0 = Release|Any CPU
		{E1741507-F200-4EA3-8C87-E7D2929CC9DB}.Release|x64.ActiveCfg = Release|Any CPU
		{E1741507-F200-4EA3-8C87-E7D2929CC9DB}.Release|x64.Build.0 = Release|Any CPU
		{E1741507-F200-4EA3-8C87-E7D2929CC9DB}.Release|x86.ActiveCfg = Release|Any CPU
		{E1741507-F200-4EA3-8C87-E7D2929CC9DB}.Release|x86.Build.0 = Release|Any CPU
		{80F27721-EC3E-4C15-919F-AA59F5C56592}.Debug|Any CPU.ActiveCfg = Debug|Any CPU
		{80F27721-EC3E-4C15-919F-AA59F5C56592}.Debug|Any CPU.Build.0 = Debug|Any CPU
		{80F27721-EC3E-4C15-919F-AA59F5C56592}.Debug|ARM.ActiveCfg = Debug|Any CPU
		{80F27721-EC3E-4C15-919F-AA59F5C56592}.Debug|ARM.Build.0 = Debug|Any CPU
		{80F27721-EC3E-4C15-919F-AA59F5C56592}.Debug|ARM64.ActiveCfg = Debug|Any CPU
		{80F27721-EC3E-4C15-919F-AA59F5C56592}.Debug|ARM64.Build.0 = Debug|Any CPU
		{80F27721-EC3E-4C15-919F-AA59F5C56592}.Debug|x64.ActiveCfg = Debug|Any CPU
		{80F27721-EC3E-4C15-919F-AA59F5C56592}.Debug|x64.Build.0 = Debug|Any CPU
		{80F27721-EC3E-4C15-919F-AA59F5C56592}.Debug|x86.ActiveCfg = Debug|Any CPU
		{80F27721-EC3E-4C15-919F-AA59F5C56592}.Debug|x86.Build.0 = Debug|Any CPU
		{80F27721-EC3E-4C15-919F-AA59F5C56592}.Release|Any CPU.ActiveCfg = Release|Any CPU
		{80F27721-EC3E-4C15-919F-AA59F5C56592}.Release|Any CPU.Build.0 = Release|Any CPU
		{80F27721-EC3E-4C15-919F-AA59F5C56592}.Release|ARM.ActiveCfg = Release|Any CPU
		{80F27721-EC3E-4C15-919F-AA59F5C56592}.Release|ARM.Build.0 = Release|Any CPU
		{80F27721-EC3E-4C15-919F-AA59F5C56592}.Release|ARM64.ActiveCfg = Release|Any CPU
		{80F27721-EC3E-4C15-919F-AA59F5C56592}.Release|ARM64.Build.0 = Release|Any CPU
		{80F27721-EC3E-4C15-919F-AA59F5C56592}.Release|x64.ActiveCfg = Release|Any CPU
		{80F27721-EC3E-4C15-919F-AA59F5C56592}.Release|x64.Build.0 = Release|Any CPU
		{80F27721-EC3E-4C15-919F-AA59F5C56592}.Release|x86.ActiveCfg = Release|Any CPU
		{80F27721-EC3E-4C15-919F-AA59F5C56592}.Release|x86.Build.0 = Release|Any CPU
	EndGlobalSection
	GlobalSection(SolutionProperties) = preSolution
		HideSolutionNode = FALSE
	EndGlobalSection
	GlobalSection(NestedProjects) = preSolution
		{78D8CCC8-5441-45D6-9E05-164455FE0B79} = {D432D3C7-88E2-4A78-997B-C854E26D943E}
		{B1289D01-67A7-4EE2-A43B-AC4EA4A66F3F} = {2D1D7154-320F-40BD-A130-A72E79325725}
		{C11F426B-16D4-482F-80E3-0713F94F2FB5} = {D432D3C7-88E2-4A78-997B-C854E26D943E}
		{C0939BE3-FD55-4B6B-A034-0708840241AB} = {2D1D7154-320F-40BD-A130-A72E79325725}
		{7B25CF83-AC72-4D83-8CD8-C828C61FCD4D} = {D432D3C7-88E2-4A78-997B-C854E26D943E}
		{C94397F4-D7BC-48C6-94EF-126213E306AC} = {D432D3C7-88E2-4A78-997B-C854E26D943E}
		{B871B350-8101-4C27-9557-840B99F527D7} = {D432D3C7-88E2-4A78-997B-C854E26D943E}
		{5D29321C-534A-4C74-9A39-16B06FEF23AD} = {D432D3C7-88E2-4A78-997B-C854E26D943E}
		{4C9AC674-059A-439D-A028-2294BB86E4C5} = {F04C789A-660B-40C0-AF84-98FFB853A0C3}
		{9FBAB168-DFF9-4261-8E5C-982F01D956F3} = {630F221A-F796-4D5F-BE1F-DEFDC123EAAE}
		{16942CB1-5740-465E-BE31-715265EEE00C} = {D432D3C7-88E2-4A78-997B-C854E26D943E}
		{4B037C0C-B2E5-4042-B068-6713B9C7BC5D} = {16942CB1-5740-465E-BE31-715265EEE00C}
		{2C221DD0-90C2-4E47-86CE-9BE38198D9A3} = {16942CB1-5740-465E-BE31-715265EEE00C}
		{E1741507-F200-4EA3-8C87-E7D2929CC9DB} = {16942CB1-5740-465E-BE31-715265EEE00C}
		{80F27721-EC3E-4C15-919F-AA59F5C56592} = {16942CB1-5740-465E-BE31-715265EEE00C}
	EndGlobalSection
	GlobalSection(ExtensibilityGlobals) = postSolution
		SolutionGuid = {CDCE5861-245C-470C-B727-E6D120838964}
	EndGlobalSection
EndGlobal
